
Microsoft Visual Studio Solution File, Format Version 12.00
# Visual Studio Version 16
VisualStudioVersion = 16.0.29403.142
MinimumVisualStudioVersion = 10.0.40219.1
Project("{FAE04EC0-301F-11D3-BF4B-00C04F79EFBC}") = "csharp-snake", "csharp-snake\csharp-snake.csproj", "{C2B83FE1-E917-4922-B5B4-4448EDEA637C}"
EndProject
Global
	GlobalSection(SolutionConfigurationPlatforms) = preSolution
		Debug|Any CPU = Debug|Any CPU
		Release|Any CPU = Release|Any CPU
	EndGlobalSection
	GlobalSection(ProjectConfigurationPlatforms) = postSolution
		{C2B83FE1-E917-4922-B5B4-4448EDEA637C}.Debug|Any CPU.ActiveCfg = Debug|Any CPU
		{C2B83FE1-E917-4922-B5B4-4448EDEA637C}.Debug|Any CPU.Build.0 = Debug|Any CPU
		{C2B83FE1-E917-4922-B5B4-4448EDEA637C}.Release|Any CPU.ActiveCfg = Release|Any CPU
		{C2B83FE1-E917-4922-B5B4-4448EDEA637C}.Release|Any CPU.Build.0 = Release|Any CPU
	EndGlobalSection
	GlobalSection(SolutionProperties) = preSolution
		HideSolutionNode = FALSE
	EndGlobalSection
	GlobalSection(ExtensibilityGlobals) = postSolution
		SolutionGuid = {6220955B-CA1B-4BF8-848A-7ACAED3456C9}
	EndGlobalSection
EndGlobal
